
Microsoft Visual Studio Solution File, Format Version 12.00
# Visual Studio Version 17
VisualStudioVersion = 17.0.32126.317
MinimumVisualStudioVersion = 10.0.40219.1
Project("{2150E333-8FDC-42A3-9474-1A3956D46DE8}") = "Services", "Services", "{D5046996-7F29-461C-8D77-CDF683B7A9AD}"
EndProject
Project("{2150E333-8FDC-42A3-9474-1A3956D46DE8}") = "Catalog", "Catalog", "{3425E797-1096-47A8-AF83-D242E0753306}"
EndProject
Project("{FAE04EC0-301F-11D3-BF4B-00C04F79EFBC}") = "Catalog.API", "Services\Catalog\Catalog.API\Catalog.API.csproj", "{411C3A08-8E63-437E-B075-4754ACAEDCE8}"
EndProject
Global
	GlobalSection(SolutionConfigurationPlatforms) = preSolution
		Debug|Any CPU = Debug|Any CPU
		Release|Any CPU = Release|Any CPU
	EndGlobalSection
	GlobalSection(ProjectConfigurationPlatforms) = postSolution
		{411C3A08-8E63-437E-B075-4754ACAEDCE8}.Debug|Any CPU.ActiveCfg = Debug|Any CPU
		{411C3A08-8E63-437E-B075-4754ACAEDCE8}.Debug|Any CPU.Build.0 = Debug|Any CPU
		{411C3A08-8E63-437E-B075-4754ACAEDCE8}.Release|Any CPU.ActiveCfg = Release|Any CPU
		{411C3A08-8E63-437E-B075-4754ACAEDCE8}.Release|Any CPU.Build.0 = Release|Any CPU
	EndGlobalSection
	GlobalSection(SolutionProperties) = preSolution
		HideSolutionNode = FALSE
	EndGlobalSection
	GlobalSection(NestedProjects) = preSolution
		{3425E797-1096-47A8-AF83-D242E0753306} = {D5046996-7F29-461C-8D77-CDF683B7A9AD}
		{411C3A08-8E63-437E-B075-4754ACAEDCE8} = {3425E797-1096-47A8-AF83-D242E0753306}
	EndGlobalSection
	GlobalSection(ExtensibilityGlobals) = postSolution
		SolutionGuid = {FA38187C-04DC-49C4-88D0-1F33695F1EE9}
	EndGlobalSection
EndGlobal
